<Solution>
  <Configurations>
    <Platform Name="x64" />
    <Platform Name="x86" />
  </Configurations>
  <Project Path="2026年9月26日作业2/2026年9月26日作业2.vcxproj" Id="50db440c-8379-4ebe-9940-4295a7dedd6e" />
  <Project Path="cpp学习/cpp学习.vcxproj" Id="359314ae-440e-4084-b040-97d7bb86650e" />
</Solution>
