<Solution>
  <Configurations>
    <Platform Name="x64" />
    <Platform Name="x86" />
  </Configurations>
  <Project Path="2026年9月26日作业2/2026年9月26日作业2.vcxproj" Id="50db440c-8379-4ebe-9940-4295a7dedd6e" />
  <Project Path="2026年9月26日作业3/2026年9月26日作业3.vcxproj" Id="a35a474c-e1ad-4e34-a8e7-6686c5864b71" />
  <Project Path="2026年9月27日作业/2026年9月27日作业.vcxproj" Id="8126c39c-a202-4c9d-b58d-eb8ca8bd64bd" />
  <Project Path="2026年9月28日作业/2026年9月28日作业.vcxproj" Id="72f804d1-a656-4ffe-a965-9df094171fe6" />
  <Project Path="2026年9月28日作业2/2026年9月28日作业2.vcxproj" Id="abc8a642-06ac-4a76-9054-adab98156730" />
  <Project Path="cpp学习/cpp学习.vcxproj" Id="359314ae-440e-4084-b040-97d7bb86650e" />
</Solution>
